
Microsoft Visual Studio Solution File, Format Version 12.00
# Visual Studio 15
VisualStudioVersion = 15.0.28307.539
MinimumVisualStudioVersion = 10.0.40219.1
Project("{FAE04EC0-301F-11D3-BF4B-00C04F79EFBC}") = "Project2Forms.Android", "Project2Forms\Project2Forms.Android\Project2Forms.Android.csproj", "{AC0169D7-981E-4535-8BC2-3F8512B8EEF6}"
EndProject
Project("{FAE04EC0-301F-11D3-BF4B-00C04F79EFBC}") = "Project2Forms", "Project2Forms\Project2Forms\Project2Forms.csproj", "{4699D597-3241-445A-99D0-DD62E0CC5B9B}"
EndProject
Global
	GlobalSection(SolutionConfigurationPlatforms) = preSolution
		Debug|Any CPU = Debug|Any CPU
		Release|Any CPU = Release|Any CPU
	EndGlobalSection
	GlobalSection(ProjectConfigurationPlatforms) = postSolution
		{AC0169D7-981E-4535-8BC2-3F8512B8EEF6}.Debug|Any CPU.ActiveCfg = Debug|Any CPU
		{AC0169D7-981E-4535-8BC2-3F8512B8EEF6}.Debug|Any CPU.Build.0 = Debug|Any CPU
		{AC0169D7-981E-4535-8BC2-3F8512B8EEF6}.Debug|Any CPU.Deploy.0 = Debug|Any CPU
		{AC0169D7-981E-4535-8BC2-3F8512B8EEF6}.Release|Any CPU.ActiveCfg = Release|Any CPU
		{AC0169D7-981E-4535-8BC2-3F8512B8EEF6}.Release|Any CPU.Build.0 = Release|Any CPU
		{AC0169D7-981E-4535-8BC2-3F8512B8EEF6}.Release|Any CPU.Deploy.0 = Release|Any CPU
		{4699D597-3241-445A-99D0-DD62E0CC5B9B}.Debug|Any CPU.ActiveCfg = Debug|Any CPU
		{4699D597-3241-445A-99D0-DD62E0CC5B9B}.Debug|Any CPU.Build.0 = Debug|Any CPU
		{4699D597-3241-445A-99D0-DD62E0CC5B9B}.Debug|Any CPU.Deploy.0 = Debug|Any CPU
		{4699D597-3241-445A-99D0-DD62E0CC5B9B}.Release|Any CPU.ActiveCfg = Release|Any CPU
		{4699D597-3241-445A-99D0-DD62E0CC5B9B}.Release|Any CPU.Build.0 = Release|Any CPU
		{4699D597-3241-445A-99D0-DD62E0CC5B9B}.Release|Any CPU.Deploy.0 = Release|Any CPU
	EndGlobalSection
	GlobalSection(SolutionProperties) = preSolution
		HideSolutionNode = FALSE
	EndGlobalSection
	GlobalSection(ExtensibilityGlobals) = postSolution
		SolutionGuid = {2B84BEF5-5709-4C9A-8C3C-BEDA2584B73B}
	EndGlobalSection
EndGlobal
